{
  "requires": true,
  "lockfileVersion": 1,
  "dependencies": {
    "@remix-run/router": {
      "version": "1.0.0",
      "resolved": "https://registry.npmjs.org/@remix-run/router/-/router-1.0.0.tgz",
      "integrity": "sha512-SCR1cxRSMNKjaVYptCzBApPDqGwa3FGdjVHc+rOToocNPHQdIYLZBfv/3f+KvYuXDkUGVIW9IAzmPNZDRL1I4A=="
    },
    "react-router": {
      "version": "6.4.0",
      "resolved": "https://registry.npmjs.org/react-router/-/react-router-6.4.0.tgz",
      "integrity": "sha512-B+5bEXFlgR1XUdHYR6P94g299SjrfCBMmEDJNcFbpAyRH1j1748yt9NdDhW3++nw1lk3zQJ6aOO66zUx3KlTZg==",
      "requires": {
        "@remix-run/router": "1.0.0"
      }
    },
    "react-router-dom": {
      "version": "6.4.0",
      "resolved": "https://registry.npmjs.org/react-router-dom/-/react-router-dom-6.4.0.tgz",
      "integrity": "sha512-4Aw1xmXKeleYYQ3x0Lcl2undHR6yMjXZjd9DKZd53SGOYqirrUThyUb0wwAX5VZAyvSuzjNJmZlJ3rR9+/vzqg==",
      "requires": {
        "react-router": "6.4.0"
      }
    }
  }
}
